{
  "name": "metida_new_v2",
  "lockfileVersion": 3,
  "requires": true,
  "packages": {
    "": {
      "dependencies": {
        "@editorjs/editorjs": "^2.30.6",
        "@editorjs/header": "^2.8.7"
      }
    },
    "node_modules/@codexteam/icons": {
      "version": "0.0.5",
      "resolved": "https://registry.npmjs.org/@codexteam/icons/-/icons-0.0.5.tgz",
      "integrity": "sha512-s6H2KXhLz2rgbMZSkRm8dsMJvyUNZsEjxobBEg9ztdrb1B2H3pEzY6iTwI4XUPJWJ3c3qRKwV4TrO3J5jUdoQA=="
    },
    "node_modules/@editorjs/editorjs": {
      "version": "2.30.6",
      "resolved": "https://registry.npmjs.org/@editorjs/editorjs/-/editorjs-2.30.6.tgz",
      "integrity": "sha512-6eQMc4Di3Hz9p4o+NGRgKaCeAF7eAk106m+bsDLc4eo94VGYO1M163OiGFdmanE+w503qTmXOzycWff5blEOAQ=="
    },
    "node_modules/@editorjs/header": {
      "version": "2.8.7",
      "resolved": "https://registry.npmjs.org/@editorjs/header/-/header-2.8.7.tgz",
      "integrity": "sha512-rfxzYFR/Jhaocj3Xxx8XjEjyzfPbBIVkcPZ9Uy3rEz1n3ewhV0V4zwuxCjVfFhLUVgQQExq43BxJnTNlLOzqDQ==",
      "dependencies": {
        "@codexteam/icons": "^0.0.5",
        "@editorjs/editorjs": "^2.29.1"
      }
    }
  }
}
